PODS:
  - camera_avfoundation (0.0.1):
    - Flutter
  - connectivity_plus (0.0.1):
    - Flutter
  - DartCvIOS (4.12.0.0):
    - DartCvIOS/calib3d (= 4.12.0.0)
    - DartCvIOS/contrib (= 4.12.0.0)
    - DartCvIOS/core (= 4.12.0.0)
    - DartCvIOS/features2d (= 4.12.0.0)
    - DartCvIOS/imgproc (= 4.12.0.0)
    - DartCvIOS/objdetect (= 4.12.0.0)
    - DartCvIOS/photo (= 4.12.0.0)
    - DartCvIOS/stitching (= 4.12.0.0)
    - DartCvIOS/video (= 4.12.0.0)
  - DartCvIOS/calib3d (4.12.0.0):
    - DartCvIOS/core
  - DartCvIOS/contrib (4.12.0.0):
    - DartCvIOS/core
  - DartCvIOS/core (4.12.0.0)
  - DartCvIOS/dnn (4.12.0.0):
    - DartCvIOS/core
  - DartCvIOS/features2d (4.12.0.0):
    - DartCvIOS/core
  - DartCvIOS/imgproc (4.12.0.0):
    - DartCvIOS/core
  - DartCvIOS/objdetect (4.12.0.0):
    - DartCvIOS/core
  - DartCvIOS/photo (4.12.0.0):
    - DartCvIOS/core
  - DartCvIOS/stitching (4.12.0.0):
    - DartCvIOS/core
  - DartCvIOS/video (4.12.0.0):
    - DartCvIOS/core
  - DartCvIOS/videoio (4.12.0.0):
    - DartCvIOS/core
  - device_info_plus (0.0.1):
    - Flutter
  - Flutter (1.0.0)
  - flutter_exif_rotation (0.3.0):
    - Flutter
  - flutter_image_compress_common (1.0.0):
    - Flutter
    - Mantle
    - SDWebImage
    - SDWebImageWebPCoder
  - image_picker_ios (0.0.1):
    - Flutter
  - integration_test (0.0.1):
    - Flutter
  - libwebp (1.5.0):
    - libwebp/demux (= 1.5.0)
    - libwebp/mux (= 1.5.0)
    - libwebp/sharpyuv (= 1.5.0)
    - libwebp/webp (= 1.5.0)
  - libwebp/demux (1.5.0):
    - libwebp/webp
  - libwebp/mux (1.5.0):
    - libwebp/demux
  - libwebp/sharpyuv (1.5.0)
  - libwebp/webp (1.5.0):
    - libwebp/sharpyuv
  - Mantle (2.2.0):
    - Mantle/extobjc (= 2.2.0)
  - Mantle/extobjc (2.2.0)
  - open_file_ios (0.0.1):
    - Flutter
  - opencv_dart (0.0.1):
    - DartCvIOS (= 4.12.0.0)
    - DartCvIOS/dnn (= 4.12.0.0)
    - DartCvIOS/videoio (= 4.12.0.0)
    - Flutter
  - path_provider_foundation (0.0.1):
    - Flutter
    - FlutterMacOS
  - permission_handler_apple (9.3.0):
    - Flutter
  - SDWebImage (5.21.7):
    - SDWebImage/Core (= 5.21.7)
  - SDWebImage/Core (5.21.7)
  - SDWebImageWebPCoder (0.15.0):
    - libwebp (~> 1.0)
    - SDWebImage/Core (~> 5.17)
  - shared_preferences_foundation (0.0.1):
    - Flutter
    - FlutterMacOS
  - TensorFlowLiteC (2.12.0):
    - TensorFlowLiteC/Core (= 2.12.0)
  - TensorFlowLiteC/Core (2.12.0)
  - TensorFlowLiteC/CoreML (2.12.0):
    - TensorFlowLiteC/Core
  - TensorFlowLiteC/Metal (2.12.0):
    - TensorFlowLiteC/Core
  - TensorFlowLiteSwift (2.12.0):
    - TensorFlowLiteSwift/Core (= 2.12.0)
  - TensorFlowLiteSwift/Core (2.12.0):
    - TensorFlowLiteC (= 2.12.0)
  - TensorFlowLiteSwift/CoreML (2.12.0):
    - TensorFlowLiteC/CoreML (= 2.12.0)
    - TensorFlowLiteSwift/Core (= 2.12.0)
  - TensorFlowLiteSwift/Metal (2.12.0):
    - TensorFlowLiteC/Metal (= 2.12.0)
    - TensorFlowLiteSwift/Core (= 2.12.0)
  - tflite_flutter (0.0.1):
    - Flutter
    - TensorFlowLiteSwift (= 2.12.0)
    - TensorFlowLiteSwift/CoreML (= 2.12.0)
    - TensorFlowLiteSwift/Metal (= 2.12.0)
  - url_launcher_ios (0.0.1):
    - Flutter
  - usb_camera_plugin (0.0.1):
    - Flutter
  - webview_flutter_wkwebview (0.0.1):
    - Flutter
    - FlutterMacOS

DEPENDENCIES:
  - camera_avfoundation (from `.symlinks/plugins/camera_avfoundation/ios`)
  - connectivity_plus (from `.symlinks/plugins/connectivity_plus/ios`)
  - device_info_plus (from `.symlinks/plugins/device_info_plus/ios`)
  - Flutter (from `Flutter`)
  - flutter_exif_rotation (from `.symlinks/plugins/flutter_exif_rotation/ios`)
  - flutter_image_compress_common (from `.symlinks/plugins/flutter_image_compress_common/ios`)
  - image_picker_ios (from `.symlinks/plugins/image_picker_ios/ios`)
  - integration_test (from `.symlinks/plugins/integration_test/ios`)
  - open_file_ios (from `.symlinks/plugins/open_file_ios/ios`)
  - opencv_dart (from `.symlinks/plugins/opencv_dart/ios`)
  - path_provider_foundation (from `.symlinks/plugins/path_provider_foundation/darwin`)
  - permission_handler_apple (from `.symlinks/plugins/permission_handler_apple/ios`)
  - shared_preferences_foundation (from `.symlinks/plugins/shared_preferences_foundation/darwin`)
  - tflite_flutter (from `.symlinks/plugins/tflite_flutter/ios`)
  - url_launcher_ios (from `.symlinks/plugins/url_launcher_ios/ios`)
  - usb_camera_plugin (from `.symlinks/plugins/usb_camera_plugin/ios`)
  - webview_flutter_wkwebview (from `.symlinks/plugins/webview_flutter_wkwebview/darwin`)

SPEC REPOS:
  trunk:
    - DartCvIOS
    - libwebp
    - Mantle
    - SDWebImage
    - SDWebImageWebPCoder
    - TensorFlowLiteC
    - TensorFlowLiteSwift

EXTERNAL SOURCES:
  camera_avfoundation:
    :path: ".symlinks/plugins/camera_avfoundation/ios"
  connectivity_plus:
    :path: ".symlinks/plugins/connectivity_plus/ios"
  device_info_plus:
    :path: ".symlinks/plugins/device_info_plus/ios"
  Flutter:
    :path: Flutter
  flutter_exif_rotation:
    :path: ".symlinks/plugins/flutter_exif_rotation/ios"
  flutter_image_compress_common:
    :path: ".symlinks/plugins/flutter_image_compress_common/ios"
  image_picker_ios:
    :path: ".symlinks/plugins/image_picker_ios/ios"
  integration_test:
    :path: ".symlinks/plugins/integration_test/ios"
  open_file_ios:
    :path: ".symlinks/plugins/open_file_ios/ios"
  opencv_dart:
    :path: ".symlinks/plugins/opencv_dart/ios"
  path_provider_foundation:
    :path: ".symlinks/plugins/path_provider_foundation/darwin"
  permission_handler_apple:
    :path: ".symlinks/plugins/permission_handler_apple/ios"
  shared_preferences_foundation:
    :path: ".symlinks/plugins/shared_preferences_foundation/darwin"
  tflite_flutter:
    :path: ".symlinks/plugins/tflite_flutter/ios"
  url_launcher_ios:
    :path: ".symlinks/plugins/url_launcher_ios/ios"
  usb_camera_plugin:
    :path: ".symlinks/plugins/usb_camera_plugin/ios"
  webview_flutter_wkwebview:
    :path: ".symlinks/plugins/webview_flutter_wkwebview/darwin"

SPEC CHECKSUMS:
  camera_avfoundation: adb0207d868b2d873e895371d88448399ab78d87
  connectivity_plus: 2a701ffec2c0ae28a48cf7540e279787e77c447d
  DartCvIOS: 3b4638e0f24b5f48a25378815618b9f8c1e87ad4
  device_info_plus: 97af1d7e84681a90d0693e63169a5d50e0839a0d
  Flutter: e0871f40cf51350855a761d2e70bf5af5b9b5de7
  flutter_exif_rotation: de6b54e8bd54a687f28d6397d1a890391de41111
  flutter_image_compress_common: ec1d45c362c9d30a3f6a0426c297f47c52007e3e
  image_picker_ios: c560581cceedb403a6ff17f2f816d7fea1421fc1
  integration_test: 252f60fa39af5e17c3aa9899d35d908a0721b573
  libwebp: 02b23773aedb6ff1fd38cec7a77b81414c6842a8
  Mantle: c5aa8794a29a022dfbbfc9799af95f477a69b62d
  open_file_ios: 461db5853723763573e140de3193656f91990d9e
  opencv_dart: 6a43b0c17bf70cb6b0c87fc182efe0c54cc19b4f
  path_provider_foundation: 2b6b4c569c0fb62ec74538f866245ac84301af46
  permission_handler_apple: 9878588469a2b0d0fc1e048d9f43605f92e6cec2
  SDWebImage: e9fc87c1aab89a8ab1bbd74eba378c6f53be8abf
  SDWebImageWebPCoder: 0e06e365080397465cc73a7a9b472d8a3bd0f377
  shared_preferences_foundation: fcdcbc04712aee1108ac7fda236f363274528f78
  TensorFlowLiteC: 20785a69299185a379ba9852b6625f00afd7984a
  TensorFlowLiteSwift: 3a4928286e9e35bdd3e17970f48e53c80d25e793
  tflite_flutter: 9433d086a3060431bbc9f3c7c20d017db0e72d08
  url_launcher_ios: 5334b05cef931de560670eeae103fd3e431ac3fe
  usb_camera_plugin: 758f0e63e1acb948971af92cf5907c705ce13ea7
  webview_flutter_wkwebview: a4af96a051138e28e29f60101d094683b9f82188

PODFILE CHECKSUM: 5f2dcae40dde45931fac8aecec5454ec511a786d

COCOAPODS: 1.16.2
